<Solution>
  <Project Path="Ringly.Abstractions/Ringly.Abstractions.csproj" />
  <Project Path="Ringly.Abstractions.Tests.Unit/Ringly.Abstractions.Tests.Unit.csproj" />
  <Project Path="Ringly.Asterisk.Tests.Unit/Ringly.Asterisk.Tests.Unit.csproj" />
  <Project Path="Ringly.Asterisk/Ringly.Asterisk.csproj" />
  <Project Path="Ringly.CallCenter.Abstractions/Ringly.CallCenter.Abstractions.csproj" />
  <Project Path="Ringly.CallCenter.Asterisk.Tests.Unit/Ringly.CallCenter.Asterisk.Tests.Unit.csproj" />
  <Project Path="Ringly.CallCenter.Asterisk/Ringly.CallCenter.Asterisk.csproj" />
</Solution>
